// !$*UTF8*$!
{
	archiveVersion = 1;
	classes = {
	};
	objectVersion = 77;
	objects = {

/* Begin PBXBuildFile section */
		4AB1CFD7C1E27E3D0B523A6A /* Pods_Youchip_Stat.framework in Frameworks */ = {isa = PBXBuildFile; fileRef = D6BBA2F9F6901345D52F5F70 /* Pods_Youchip_Stat.framework */; };
		DD0567802DDE5C690037A79E /* Sparkle in Frameworks */ = {isa = PBXBuildFile; productRef = DD05677F2DDE5C690037A79E /* Sparkle */; };
		DD1BF67B2DBAF32700CB2AE0 /* VideoMetadataModel.swift in Sources */ = {isa = PBXBuildFile; fileRef = DD1BF67A2DBAF32700CB2AE0 /* VideoMetadataModel.swift */; };
		DD1BF67F2DBAFB8A00CB2AE0 /* VideosViewModel.swift in Sources */ = {isa = PBXBuildFile; fileRef = DD1BF67E2DBAFB8A00CB2AE0 /* VideosViewModel.swift */; };
		DD2A70542D74C31B00287BA8 /* VideosState.swift in Sources */ = {isa = PBXBuildFile; fileRef = DD2A70532D74C31600287BA8 /* VideosState.swift */; };
		DD2A70562D74C33E00287BA8 /* FilesFile.swift in Sources */ = {isa = PBXBuildFile; fileRef = DD2A70552D74C33D00287BA8 /* FilesFile.swift */; };
		DD2A70582D74C35F00287BA8 /* URL+Convenience.swift in Sources */ = {isa = PBXBuildFile; fileRef = DD2A70572D74C35E00287BA8 /* URL+Convenience.swift */; };
		DD2A705A2D74C37D00287BA8 /* FilesFileFormat.swift in Sources */ = {isa = PBXBuildFile; fileRef = DD2A70592D74C37D00287BA8 /* FilesFileFormat.swift */; };
		DD2A705C2D74C3B100287BA8 /* VideoFilesManager.swift in Sources */ = {isa = PBXBuildFile; fileRef = DD2A705B2D74C3A600287BA8 /* VideoFilesManager.swift */; };
		DD2A705E2D74C66700287BA8 /* VideosActions.swift in Sources */ = {isa = PBXBuildFile; fileRef = DD2A705D2D74C65D00287BA8 /* VideosActions.swift */; };
		DD2A70602D74D26000287BA8 /* PreferenceManager.swift in Sources */ = {isa = PBXBuildFile; fileRef = DD2A705F2D74D26000287BA8 /* PreferenceManager.swift */; };
		DD2A70622D74D27900287BA8 /* FilesDocumentPickerHelper.swift in Sources */ = {isa = PBXBuildFile; fileRef = DD2A70612D74D27900287BA8 /* FilesDocumentPickerHelper.swift */; };
		DD2A70642D74D28E00287BA8 /* CustomTypes.swift in Sources */ = {isa = PBXBuildFile; fileRef = DD2A70632D74D28E00287BA8 /* CustomTypes.swift */; };
		DD2A706B2D74D31600287BA8 /* VideosPreviewManager.swift in Sources */ = {isa = PBXBuildFile; fileRef = DD2A706A2D74D30B00287BA8 /* VideosPreviewManager.swift */; };
		DD2A706D2D74D32C00287BA8 /* VideoThumbnailManager.swift in Sources */ = {isa = PBXBuildFile; fileRef = DD2A706C2D74D32B00287BA8 /* VideoThumbnailManager.swift */; };
		DD2A70702D74D5CD00287BA8 /* VideosView.swift in Sources */ = {isa = PBXBuildFile; fileRef = DD2A706F2D74D5C300287BA8 /* VideosView.swift */; };
		DD2A70742D74D63300287BA8 /* ViewsFactory.swift in Sources */ = {isa = PBXBuildFile; fileRef = DD2A70732D74D63200287BA8 /* ViewsFactory.swift */; };
		DD2A70762D74D77C00287BA8 /* AppCloudFilesHelper.swift in Sources */ = {isa = PBXBuildFile; fileRef = DD2A70752D74D77C00287BA8 /* AppCloudFilesHelper.swift */; };
		DD2A70782D74D79B00287BA8 /* FileOpenHelper.swift in Sources */ = {isa = PBXBuildFile; fileRef = DD2A70772D74D79B00287BA8 /* FileOpenHelper.swift */; };
		DD2A707A2D74E0AF00287BA8 /* VideoThumbnailView.swift in Sources */ = {isa = PBXBuildFile; fileRef = DD2A70792D74E08300287BA8 /* VideoThumbnailView.swift */; };
		DD32C2632D74A00C0052B5C6 /* Preview Assets.xcassets in Resources */ = {isa = PBXBuildFile; fileRef = DD32C25C2D74A00C0052B5C6 /* Preview Assets.xcassets */; };
		DD32C2642D74A00C0052B5C6 /* Assets.xcassets in Resources */ = {isa = PBXBuildFile; fileRef = DD32C25E2D74A00C0052B5C6 /* Assets.xcassets */; };
		DD32C2662D74A00C0052B5C6 /* Youchip_StatApp.swift in Sources */ = {isa = PBXBuildFile; fileRef = DD32C2612D74A00C0052B5C6 /* Youchip_StatApp.swift */; };
		DD32C26C2D74A0420052B5C6 /* Localizable.strings in Resources */ = {isa = PBXBuildFile; fileRef = DD32C26B2D74A0420052B5C6 /* Localizable.strings */; };
		DD32C27B2D74A0480052B5C6 /* SFProRounded-Regular.otf in Resources */ = {isa = PBXBuildFile; fileRef = DD32C2722D74A0480052B5C6 /* SFProRounded-Regular.otf */; };
		DD32C27C2D74A0480052B5C6 /* SFCompactText-Medium.ttf in Resources */ = {isa = PBXBuildFile; fileRef = DD32C26D2D74A0480052B5C6 /* SFCompactText-Medium.ttf */; };
		DD32C27D2D74A0480052B5C6 /* SFProDisplay-Bold.ttf in Resources */ = {isa = PBXBuildFile; fileRef = DD32C26F2D74A0480052B5C6 /* SFProDisplay-Bold.ttf */; };
		DD32C27E2D74A0480052B5C6 /* SFProRounded-Semibold.otf in Resources */ = {isa = PBXBuildFile; fileRef = DD32C2732D74A0480052B5C6 /* SFProRounded-Semibold.otf */; };
		DD32C27F2D74A0480052B5C6 /* SFMono-Regular.otf in Resources */ = {isa = PBXBuildFile; fileRef = DD32C26E2D74A0480052B5C6 /* SFMono-Regular.otf */; };
		DD32C2802D74A0480052B5C6 /* SFCompactText-Semibold.ttf in Resources */ = {isa = PBXBuildFile; fileRef = DD32C2792D74A0480052B5C6 /* SFCompactText-Semibold.ttf */; };
		DD32C2812D74A0480052B5C6 /* SFProDisplay-Semibold.ttf in Resources */ = {isa = PBXBuildFile; fileRef = DD32C2712D74A0480052B5C6 /* SFProDisplay-Semibold.ttf */; };
		DD32C2822D74A0480052B5C6 /* SFProText-Bold.ttf in Resources */ = {isa = PBXBuildFile; fileRef = DD32C2742D74A0480052B5C6 /* SFProText-Bold.ttf */; };
		DD32C2832D74A0480052B5C6 /* SFProText-Medium.ttf in Resources */ = {isa = PBXBuildFile; fileRef = DD32C2752D74A0480052B5C6 /* SFProText-Medium.ttf */; };
		DD32C2842D74A0480052B5C6 /* SFProText-Semibold.ttf in Resources */ = {isa = PBXBuildFile; fileRef = DD32C2772D74A0480052B5C6 /* SFProText-Semibold.ttf */; };
		DD32C2852D74A0480052B5C6 /* SFCompactText-Regular.ttf in Resources */ = {isa = PBXBuildFile; fileRef = DD32C2782D74A0480052B5C6 /* SFCompactText-Regular.ttf */; };
		DD32C2862D74A0480052B5C6 /* SFProDisplay-Regular.ttf in Resources */ = {isa = PBXBuildFile; fileRef = DD32C2702D74A0480052B5C6 /* SFProDisplay-Regular.ttf */; };
		DD32C2872D74A0480052B5C6 /* SFProText-Regular.ttf in Resources */ = {isa = PBXBuildFile; fileRef = DD32C2762D74A0480052B5C6 /* SFProText-Regular.ttf */; };
		DD32C28B2D74A1190052B5C6 /* AppDelegate.swift in Sources */ = {isa = PBXBuildFile; fileRef = DD32C28A2D74A1180052B5C6 /* AppDelegate.swift */; };
		DD32C28F2D74A19A0052B5C6 /* AppSetupManager.swift in Sources */ = {isa = PBXBuildFile; fileRef = DD32C28E2D74A1990052B5C6 /* AppSetupManager.swift */; };
		DD32C2A02D74A1C80052B5C6 /* Colors.swift in Sources */ = {isa = PBXBuildFile; fileRef = DD32C2902D74A1C80052B5C6 /* Colors.swift */; };
		DD32C2A12D74A1C80052B5C6 /* NSError+Convenience.swift in Sources */ = {isa = PBXBuildFile; fileRef = DD32C2962D74A1C80052B5C6 /* NSError+Convenience.swift */; };
		DD32C2A32D74A1C80052B5C6 /* Date+Convenience.swift in Sources */ = {isa = PBXBuildFile; fileRef = DD32C2912D74A1C80052B5C6 /* Date+Convenience.swift */; };
		DD32C2A42D74A1C80052B5C6 /* UInt64+Convenience.swift in Sources */ = {isa = PBXBuildFile; fileRef = DD32C29B2D74A1C80052B5C6 /* UInt64+Convenience.swift */; };
		DD32C2A62D74A1C80052B5C6 /* Fonts.swift in Sources */ = {isa = PBXBuildFile; fileRef = DD32C2932D74A1C80052B5C6 /* Fonts.swift */; };
		DD32C2A72D74A1C80052B5C6 /* SKProduct+Convenience.swift in Sources */ = {isa = PBXBuildFile; fileRef = DD32C2992D74A1C80052B5C6 /* SKProduct+Convenience.swift */; };
		DD32C2A82D74A1C80052B5C6 /* FileManager+Convenience.swift in Sources */ = {isa = PBXBuildFile; fileRef = DD32C2922D74A1C80052B5C6 /* FileManager+Convenience.swift */; };
		DD32C2A92D74A1C80052B5C6 /* View+Alerts.swift in Sources */ = {isa = PBXBuildFile; fileRef = DD32C29D2D74A1C80052B5C6 /* View+Alerts.swift */; };
		DD32C2AA2D74A1C80052B5C6 /* Images.swift in Sources */ = {isa = PBXBuildFile; fileRef = DD32C2942D74A1C80052B5C6 /* Images.swift */; };
		DD32C2AB2D74A1C80052B5C6 /* String+Convenience.swift in Sources */ = {isa = PBXBuildFile; fileRef = DD32C29A2D74A1C80052B5C6 /* String+Convenience.swift */; };
		DD32C2AC2D74A1C80052B5C6 /* View+CloudFiles.swift in Sources */ = {isa = PBXBuildFile; fileRef = DD32C29E2D74A1C80052B5C6 /* View+CloudFiles.swift */; };
		DD32C2AD2D74A1C80052B5C6 /* NSImage+Convenience.swift in Sources */ = {isa = PBXBuildFile; fileRef = DD32C2972D74A1C80052B5C6 /* NSImage+Convenience.swift */; };
		DD32C2AE2D74A1C80052B5C6 /* LocalizedStrings.swift in Sources */ = {isa = PBXBuildFile; fileRef = DD32C2952D74A1C80052B5C6 /* LocalizedStrings.swift */; };
		DD494BF02DC0146B003F8BE6 /* VideoPlayerModels.swift in Sources */ = {isa = PBXBuildFile; fileRef = DD494BEF2DC0145F003F8BE6 /* VideoPlayerModels.swift */; };
		DD9233412DB0476C008FFFF1 /* labels.json in Resources */ = {isa = PBXBuildFile; fileRef = DD92333C2DB0476C008FFFF1 /* labels.json */; };
		DD9233422DB0476C008FFFF1 /* labelsGroups.json in Resources */ = {isa = PBXBuildFile; fileRef = DD92333D2DB0476C008FFFF1 /* labelsGroups.json */; };
		DD9233432DB0476C008FFFF1 /* tags.json in Resources */ = {isa = PBXBuildFile; fileRef = DD92333E2DB0476C008FFFF1 /* tags.json */; };
		DD9233442DB0476C008FFFF1 /* tagsGroups.json in Resources */ = {isa = PBXBuildFile; fileRef = DD92333F2DB0476C008FFFF1 /* tagsGroups.json */; };
		DDC938E72DD2338300B7AB12 /* GoogleService-Info.plist in Resources */ = {isa = PBXBuildFile; fileRef = DDC938E62DD2338300B7AB12 /* GoogleService-Info.plist */; };
		DDC938E92DD2447A00B7AB12 /* AuthManager.swift in Sources */ = {isa = PBXBuildFile; fileRef = DDC938E82DD2447900B7AB12 /* AuthManager.swift */; };
		DDC938EC2DD2452900B7AB12 /* AuthKeyView.swift in Sources */ = {isa = PBXBuildFile; fileRef = DDC938EB2DD2452800B7AB12 /* AuthKeyView.swift */; };
		DDCA6B4F2DCA64EE0025EF9E /* NSNotification + Convenience.swift in Sources */ = {isa = PBXBuildFile; fileRef = DDCA6B4E2DCA64E70025EF9E /* NSNotification + Convenience.swift */; };
		DDCA6B512DCA65220025EF9E /* MarkupMode.swift in Sources */ = {isa = PBXBuildFile; fileRef = DDCA6B502DCA65210025EF9E /* MarkupMode.swift */; };
		DDCA6B542DCA657B0025EF9E /* CollectionWindowDelegate.swift in Sources */ = {isa = PBXBuildFile; fileRef = DDCA6B532DCA657A0025EF9E /* CollectionWindowDelegate.swift */; };
		DDCA6B572DCA65C20025EF9E /* AnalyticsModels.swift in Sources */ = {isa = PBXBuildFile; fileRef = DDCA6B562DCA65C20025EF9E /* AnalyticsModels.swift */; };
		DDCA6B592DCA66220025EF9E /* PieChartView.swift in Sources */ = {isa = PBXBuildFile; fileRef = DDCA6B582DCA66210025EF9E /* PieChartView.swift */; };
		DDCA6B5B2DCA66330025EF9E /* TagStatisticsLegend.swift in Sources */ = {isa = PBXBuildFile; fileRef = DDCA6B5A2DCA66330025EF9E /* TagStatisticsLegend.swift */; };
		DDCA6B5D2DCA66420025EF9E /* AnalyticsView.swift in Sources */ = {isa = PBXBuildFile; fileRef = DDCA6B5C2DCA66420025EF9E /* AnalyticsView.swift */; };
		DDCA6B602DCA67560025EF9E /* AnalyticsWindowController.swift in Sources */ = {isa = PBXBuildFile; fileRef = DDCA6B5F2DCA67560025EF9E /* AnalyticsWindowController.swift */; };
		DDCA6B622DCA67C60025EF9E /* ExportAnalyticsView.swift in Sources */ = {isa = PBXBuildFile; fileRef = DDCA6B612DCA67C50025EF9E /* ExportAnalyticsView.swift */; };
		DDCA6B642DCA68C10025EF9E /* CustomCollectionManager.swift in Sources */ = {isa = PBXBuildFile; fileRef = DDCA6B632DCA684D0025EF9E /* CustomCollectionManager.swift */; };
		DDCA6B662DCA68F80025EF9E /* TagFormData.swift in Sources */ = {isa = PBXBuildFile; fileRef = DDCA6B652DCA68F70025EF9E /* TagFormData.swift */; };
		DDCA6B682DCA69140025EF9E /* KeyCaptureView.swift in Sources */ = {isa = PBXBuildFile; fileRef = DDCA6B672DCA69130025EF9E /* KeyCaptureView.swift */; };
		DDCA6B6A2DCA69340025EF9E /* NSApplication + Convenience.swift in Sources */ = {isa = PBXBuildFile; fileRef = DDCA6B692DCA69340025EF9E /* NSApplication + Convenience.swift */; };
		DDCA6B6F2DCA69AE0025EF9E /* CompatibilityButtonStyle.swift in Sources */ = {isa = PBXBuildFile; fileRef = DDCA6B6E2DCA69AE0025EF9E /* CompatibilityButtonStyle.swift */; };
		DDCA6B712DCA69C30025EF9E /* ColorPickerView.swift in Sources */ = {isa = PBXBuildFile; fileRef = DDCA6B702DCA69C30025EF9E /* ColorPickerView.swift */; };
		DDCA6B732DCA69E10025EF9E /* CreateCustomCollectionsView.swift in Sources */ = {isa = PBXBuildFile; fileRef = DDCA6B722DCA69E10025EF9E /* CreateCustomCollectionsView.swift */; };
		DDCA6B752DCA6B900025EF9E /* VideoControlWindow.swift in Sources */ = {isa = PBXBuildFile; fileRef = DDCA6B742DCA6B900025EF9E /* VideoControlWindow.swift */; };
		DDD52CBA2DAEE7F50038158E /* WindowsManager.swift in Sources */ = {isa = PBXBuildFile; fileRef = DDD52CB82DAEE7F50038158E /* WindowsManager.swift */; };
		DDD60A962D7A5D7E0097600D /* AVKit.framework in Frameworks */ = {isa = PBXBuildFile; fileRef = DDD60A952D7A5D7E0097600D /* AVKit.framework */; };
		DDDB36362D78E16500A1111C /* Color.swift in Sources */ = {isa = PBXBuildFile; fileRef = DDDB36352D78E16100A1111C /* Color.swift */; };
		DDE2F3282DB6CDB40040B011 /* timeEvents.json in Resources */ = {isa = PBXBuildFile; fileRef = DDE2F3272DB6CDB40040B011 /* timeEvents.json */; };
		DDFB1A482DE510E700175D97 /* EditorState.swift in Sources */ = {isa = PBXBuildFile; fileRef = DDFB1A412DE510E700175D97 /* EditorState.swift */; };
		DDFB1A492DE510E700175D97 /* EditorView.swift in Sources */ = {isa = PBXBuildFile; fileRef = DDFB1A452DE510E700175D97 /* EditorView.swift */; };
		DDFB1A4A2DE510E700175D97 /* EditorViewModel.swift in Sources */ = {isa = PBXBuildFile; fileRef = DDFB1A3F2DE510E700175D97 /* EditorViewModel.swift */; };
		DDFB1A4B2DE510E700175D97 /* EditorWebView.swift in Sources */ = {isa = PBXBuildFile; fileRef = DDFB1A442DE510E700175D97 /* EditorWebView.swift */; };
		DDFB1A4C2DE510E700175D97 /* EditorActions.swift in Sources */ = {isa = PBXBuildFile; fileRef = DDFB1A422DE510E700175D97 /* EditorActions.swift */; };
		DDFB1A502DE512D900175D97 /* SharingPicker.swift in Sources */ = {isa = PBXBuildFile; fileRef = DDFB1A4F2DE512D800175D97 /* SharingPicker.swift */; };
		DDFB1A522DE5130C00175D97 /* AppNavigationButtonsView.swift in Sources */ = {isa = PBXBuildFile; fileRef = DDFB1A512DE5130B00175D97 /* AppNavigationButtonsView.swift */; };
		DDFB1A542DE5131F00175D97 /* SheetToolbarView.swift in Sources */ = {isa = PBXBuildFile; fileRef = DDFB1A532DE5131F00175D97 /* SheetToolbarView.swift */; };
		DDFB1A562DE521D300175D97 /* ScreenshotsWindowController.swift in Sources */ = {isa = PBXBuildFile; fileRef = DDFB1A552DE521D300175D97 /* ScreenshotsWindowController.swift */; };
/* End PBXBuildFile section */

/* Begin PBXFileReference section */
		23DAB237503920889C6C4438 /* Pods-Youchip-Stat.debug.xcconfig */ = {isa = PBXFileReference; includeInIndex = 1; lastKnownFileType = text.xcconfig; name = "Pods-Youchip-Stat.debug.xcconfig"; path = "Target Support Files/Pods-Youchip-Stat/Pods-Youchip-Stat.debug.xcconfig"; sourceTree = "<group>"; };
		2EA66B918FEF070C401BD61D /* Pods-Youchip-Stat.release.xcconfig */ = {isa = PBXFileReference; includeInIndex = 1; lastKnownFileType = text.xcconfig; name = "Pods-Youchip-Stat.release.xcconfig"; path = "Target Support Files/Pods-Youchip-Stat/Pods-Youchip-Stat.release.xcconfig"; sourceTree = "<group>"; };
		D6BBA2F9F6901345D52F5F70 /* Pods_Youchip_Stat.framework */ = {isa = PBXFileReference; explicitFileType = wrapper.framework; includeInIndex = 0; path = Pods_Youchip_Stat.framework; sourceTree = BUILT_PRODUCTS_DIR; };
		DD1BF67A2DBAF32700CB2AE0 /* VideoMetadataModel.swift */ = {isa = PBXFileReference; lastKnownFileType = sourcecode.swift; path = VideoMetadataModel.swift; sourceTree = "<group>"; };
		DD1BF67E2DBAFB8A00CB2AE0 /* VideosViewModel.swift */ = {isa = PBXFileReference; lastKnownFileType = sourcecode.swift; path = VideosViewModel.swift; sourceTree = "<group>"; };
		DD2A70532D74C31600287BA8 /* VideosState.swift */ = {isa = PBXFileReference; lastKnownFileType = sourcecode.swift; path = VideosState.swift; sourceTree = "<group>"; };
		DD2A70552D74C33D00287BA8 /* FilesFile.swift */ = {isa = PBXFileReference; lastKnownFileType = sourcecode.swift; path = FilesFile.swift; sourceTree = "<group>"; };
		DD2A70572D74C35E00287BA8 /* URL+Convenience.swift */ = {isa = PBXFileReference; lastKnownFileType = sourcecode.swift; path = "URL+Convenience.swift"; sourceTree = "<group>"; };
		DD2A70592D74C37D00287BA8 /* FilesFileFormat.swift */ = {isa = PBXFileReference; lastKnownFileType = sourcecode.swift; path = FilesFileFormat.swift; sourceTree = "<group>"; };
		DD2A705B2D74C3A600287BA8 /* VideoFilesManager.swift */ = {isa = PBXFileReference; lastKnownFileType = sourcecode.swift; path = VideoFilesManager.swift; sourceTree = "<group>"; };
		DD2A705D2D74C65D00287BA8 /* VideosActions.swift */ = {isa = PBXFileReference; lastKnownFileType = sourcecode.swift; path = VideosActions.swift; sourceTree = "<group>"; };
		DD2A705F2D74D26000287BA8 /* PreferenceManager.swift */ = {isa = PBXFileReference; lastKnownFileType = sourcecode.swift; path = PreferenceManager.swift; sourceTree = "<group>"; };
		DD2A70612D74D27900287BA8 /* FilesDocumentPickerHelper.swift */ = {isa = PBXFileReference; lastKnownFileType = sourcecode.swift; path = FilesDocumentPickerHelper.swift; sourceTree = "<group>"; };
		DD2A70632D74D28E00287BA8 /* CustomTypes.swift */ = {isa = PBXFileReference; lastKnownFileType = sourcecode.swift; path = CustomTypes.swift; sourceTree = "<group>"; };
		DD2A706A2D74D30B00287BA8 /* VideosPreviewManager.swift */ = {isa = PBXFileReference; lastKnownFileType = sourcecode.swift; path = VideosPreviewManager.swift; sourceTree = "<group>"; };
		DD2A706C2D74D32B00287BA8 /* VideoThumbnailManager.swift */ = {isa = PBXFileReference; lastKnownFileType = sourcecode.swift; path = VideoThumbnailManager.swift; sourceTree = "<group>"; };
		DD2A706F2D74D5C300287BA8 /* VideosView.swift */ = {isa = PBXFileReference; lastKnownFileType = sourcecode.swift; path = VideosView.swift; sourceTree = "<group>"; };
		DD2A70732D74D63200287BA8 /* ViewsFactory.swift */ = {isa = PBXFileReference; lastKnownFileType = sourcecode.swift; path = ViewsFactory.swift; sourceTree = "<group>"; };
		DD2A70752D74D77C00287BA8 /* AppCloudFilesHelper.swift */ = {isa = PBXFileReference; lastKnownFileType = sourcecode.swift; path = AppCloudFilesHelper.swift; sourceTree = "<group>"; };
		DD2A70772D74D79B00287BA8 /* FileOpenHelper.swift */ = {isa = PBXFileReference; lastKnownFileType = sourcecode.swift; path = FileOpenHelper.swift; sourceTree = "<group>"; };
		DD2A70792D74E08300287BA8 /* VideoThumbnailView.swift */ = {isa = PBXFileReference; lastKnownFileType = sourcecode.swift; path = VideoThumbnailView.swift; sourceTree = "<group>"; };
		DD32C25C2D74A00C0052B5C6 /* Preview Assets.xcassets */ = {isa = PBXFileReference; lastKnownFileType = folder.assetcatalog; path = "Preview Assets.xcassets"; sourceTree = "<group>"; };
		DD32C25E2D74A00C0052B5C6 /* Assets.xcassets */ = {isa = PBXFileReference; lastKnownFileType = folder.assetcatalog; path = Assets.xcassets; sourceTree = "<group>"; };
		DD32C2602D74A00C0052B5C6 /* Youchip_Stat.entitlements */ = {isa = PBXFileReference; lastKnownFileType = text.plist.entitlements; path = Youchip_Stat.entitlements; sourceTree = "<group>"; };
		DD32C2612D74A00C0052B5C6 /* Youchip_StatApp.swift */ = {isa = PBXFileReference; lastKnownFileType = sourcecode.swift; path = Youchip_StatApp.swift; sourceTree = "<group>"; };
		DD32C26A2D74A0420052B5C6 /* Localizable.strings */ = {isa = PBXFileReference; lastKnownFileType = text.plist.strings; name = Localizable.strings; path = en.lproj/Localizable.strings; sourceTree = "<group>"; };
		DD32C26D2D74A0480052B5C6 /* SFCompactText-Medium.ttf */ = {isa = PBXFileReference; lastKnownFileType = file; path = "SFCompactText-Medium.ttf"; sourceTree = "<group>"; };
		DD32C26E2D74A0480052B5C6 /* SFMono-Regular.otf */ = {isa = PBXFileReference; lastKnownFileType = file; path = "SFMono-Regular.otf"; sourceTree = "<group>"; };
		DD32C26F2D74A0480052B5C6 /* SFProDisplay-Bold.ttf */ = {isa = PBXFileReference; lastKnownFileType = file; path = "SFProDisplay-Bold.ttf"; sourceTree = "<group>"; };
		DD32C2702D74A0480052B5C6 /* SFProDisplay-Regular.ttf */ = {isa = PBXFileReference; lastKnownFileType = file; path = "SFProDisplay-Regular.ttf"; sourceTree = "<group>"; };
		DD32C2712D74A0480052B5C6 /* SFProDisplay-Semibold.ttf */ = {isa = PBXFileReference; lastKnownFileType = file; path = "SFProDisplay-Semibold.ttf"; sourceTree = "<group>"; };
		DD32C2722D74A0480052B5C6 /* SFProRounded-Regular.otf */ = {isa = PBXFileReference; lastKnownFileType = file; path = "SFProRounded-Regular.otf"; sourceTree = "<group>"; };
		DD32C2732D74A0480052B5C6 /* SFProRounded-Semibold.otf */ = {isa = PBXFileReference; lastKnownFileType = file; path = "SFProRounded-Semibold.otf"; sourceTree = "<group>"; };
		DD32C2742D74A0480052B5C6 /* SFProText-Bold.ttf */ = {isa = PBXFileReference; lastKnownFileType = file; path = "SFProText-Bold.ttf"; sourceTree = "<group>"; };
		DD32C2752D74A0480052B5C6 /* SFProText-Medium.ttf */ = {isa = PBXFileReference; lastKnownFileType = file; path = "SFProText-Medium.ttf"; sourceTree = "<group>"; };
		DD32C2762D74A0480052B5C6 /* SFProText-Regular.ttf */ = {isa = PBXFileReference; lastKnownFileType = file; path = "SFProText-Regular.ttf"; sourceTree = "<group>"; };
		DD32C2772D74A0480052B5C6 /* SFProText-Semibold.ttf */ = {isa = PBXFileReference; lastKnownFileType = file; path = "SFProText-Semibold.ttf"; sourceTree = "<group>"; };
		DD32C2782D74A0480052B5C6 /* SFCompactText-Regular.ttf */ = {isa = PBXFileReference; lastKnownFileType = file; path = "SFCompactText-Regular.ttf"; sourceTree = "<group>"; };
		DD32C2792D74A0480052B5C6 /* SFCompactText-Semibold.ttf */ = {isa = PBXFileReference; lastKnownFileType = file; path = "SFCompactText-Semibold.ttf"; sourceTree = "<group>"; };
		DD32C2882D74A05C0052B5C6 /* Info.plist */ = {isa = PBXFileReference; lastKnownFileType = text.plist.xml; name = Info.plist; path = "Youchip-Stat/Resourses/Info.plist"; sourceTree = SOURCE_ROOT; };
		DD32C28A2D74A1180052B5C6 /* AppDelegate.swift */ = {isa = PBXFileReference; lastKnownFileType = sourcecode.swift; path = AppDelegate.swift; sourceTree = "<group>"; };
		DD32C28E2D74A1990052B5C6 /* AppSetupManager.swift */ = {isa = PBXFileReference; lastKnownFileType = sourcecode.swift; path = AppSetupManager.swift; sourceTree = "<group>"; };
		DD32C2902D74A1C80052B5C6 /* Colors.swift */ = {isa = PBXFileReference; lastKnownFileType = sourcecode.swift; path = Colors.swift; sourceTree = "<group>"; };
		DD32C2912D74A1C80052B5C6 /* Date+Convenience.swift */ = {isa = PBXFileReference; lastKnownFileType = sourcecode.swift; path = "Date+Convenience.swift"; sourceTree = "<group>"; };
		DD32C2922D74A1C80052B5C6 /* FileManager+Convenience.swift */ = {isa = PBXFileReference; lastKnownFileType = sourcecode.swift; path = "FileManager+Convenience.swift"; sourceTree = "<group>"; };
		DD32C2932D74A1C80052B5C6 /* Fonts.swift */ = {isa = PBXFileReference; lastKnownFileType = sourcecode.swift; path = Fonts.swift; sourceTree = "<group>"; };
		DD32C2942D74A1C80052B5C6 /* Images.swift */ = {isa = PBXFileReference; lastKnownFileType = sourcecode.swift; path = Images.swift; sourceTree = "<group>"; };
		DD32C2952D74A1C80052B5C6 /* LocalizedStrings.swift */ = {isa = PBXFileReference; lastKnownFileType = sourcecode.swift; path = LocalizedStrings.swift; sourceTree = "<group>"; };
		DD32C2962D74A1C80052B5C6 /* NSError+Convenience.swift */ = {isa = PBXFileReference; lastKnownFileType = sourcecode.swift; path = "NSError+Convenience.swift"; sourceTree = "<group>"; };
		DD32C2972D74A1C80052B5C6 /* NSImage+Convenience.swift */ = {isa = PBXFileReference; lastKnownFileType = sourcecode.swift; path = "NSImage+Convenience.swift"; sourceTree = "<group>"; };
		DD32C2992D74A1C80052B5C6 /* SKProduct+Convenience.swift */ = {isa = PBXFileReference; lastKnownFileType = sourcecode.swift; path = "SKProduct+Convenience.swift"; sourceTree = "<group>"; };
		DD32C29A2D74A1C80052B5C6 /* String+Convenience.swift */ = {isa = PBXFileReference; lastKnownFileType = sourcecode.swift; path = "String+Convenience.swift"; sourceTree = "<group>"; };
		DD32C29B2D74A1C80052B5C6 /* UInt64+Convenience.swift */ = {isa = PBXFileReference; lastKnownFileType = sourcecode.swift; path = "UInt64+Convenience.swift"; sourceTree = "<group>"; };
		DD32C29D2D74A1C80052B5C6 /* View+Alerts.swift */ = {isa = PBXFileReference; lastKnownFileType = sourcecode.swift; path = "View+Alerts.swift"; sourceTree = "<group>"; };
		DD32C29E2D74A1C80052B5C6 /* View+CloudFiles.swift */ = {isa = PBXFileReference; lastKnownFileType = sourcecode.swift; path = "View+CloudFiles.swift"; sourceTree = "<group>"; };
		DD494BEF2DC0145F003F8BE6 /* VideoPlayerModels.swift */ = {isa = PBXFileReference; lastKnownFileType = sourcecode.swift; path = VideoPlayerModels.swift; sourceTree = "<group>"; };
		DD92333C2DB0476C008FFFF1 /* labels.json */ = {isa = PBXFileReference; lastKnownFileType = text.json; path = labels.json; sourceTree = "<group>"; };
		DD92333D2DB0476C008FFFF1 /* labelsGroups.json */ = {isa = PBXFileReference; lastKnownFileType = text.json; path = labelsGroups.json; sourceTree = "<group>"; };
		DD92333E2DB0476C008FFFF1 /* tags.json */ = {isa = PBXFileReference; lastKnownFileType = text.json; path = tags.json; sourceTree = "<group>"; };
		DD92333F2DB0476C008FFFF1 /* tagsGroups.json */ = {isa = PBXFileReference; lastKnownFileType = text.json; path = tagsGroups.json; sourceTree = "<group>"; };
		DDB401912D749E0F004A12C2 /* SportCut.app */ = {isa = PBXFileReference; explicitFileType = wrapper.application; includeInIndex = 0; path = SportCut.app; sourceTree = BUILT_PRODUCTS_DIR; };
		DDC938E62DD2338300B7AB12 /* GoogleService-Info.plist */ = {isa = PBXFileReference; lastKnownFileType = text.plist.xml; path = "GoogleService-Info.plist"; sourceTree = "<group>"; };
		DDC938E82DD2447900B7AB12 /* AuthManager.swift */ = {isa = PBXFileReference; lastKnownFileType = sourcecode.swift; path = AuthManager.swift; sourceTree = "<group>"; };
		DDC938EB2DD2452800B7AB12 /* AuthKeyView.swift */ = {isa = PBXFileReference; lastKnownFileType = sourcecode.swift; path = AuthKeyView.swift; sourceTree = "<group>"; };
		DDCA6B4E2DCA64E70025EF9E /* NSNotification + Convenience.swift */ = {isa = PBXFileReference; lastKnownFileType = sourcecode.swift; path = "NSNotification + Convenience.swift"; sourceTree = "<group>"; };
		DDCA6B502DCA65210025EF9E /* MarkupMode.swift */ = {isa = PBXFileReference; lastKnownFileType = sourcecode.swift; path = MarkupMode.swift; sourceTree = "<group>"; };
		DDCA6B532DCA657A0025EF9E /* CollectionWindowDelegate.swift */ = {isa = PBXFileReference; lastKnownFileType = sourcecode.swift; path = CollectionWindowDelegate.swift; sourceTree = "<group>"; };
		DDCA6B562DCA65C20025EF9E /* AnalyticsModels.swift */ = {isa = PBXFileReference; lastKnownFileType = sourcecode.swift; path = AnalyticsModels.swift; sourceTree = "<group>"; };
		DDCA6B582DCA66210025EF9E /* PieChartView.swift */ = {isa = PBXFileReference; lastKnownFileType = sourcecode.swift; path = PieChartView.swift; sourceTree = "<group>"; };
		DDCA6B5A2DCA66330025EF9E /* TagStatisticsLegend.swift */ = {isa = PBXFileReference; lastKnownFileType = sourcecode.swift; path = TagStatisticsLegend.swift; sourceTree = "<group>"; };
		DDCA6B5C2DCA66420025EF9E /* AnalyticsView.swift */ = {isa = PBXFileReference; lastKnownFileType = sourcecode.swift; path = AnalyticsView.swift; sourceTree = "<group>"; };
		DDCA6B5F2DCA67560025EF9E /* AnalyticsWindowController.swift */ = {isa = PBXFileReference; lastKnownFileType = sourcecode.swift; path = AnalyticsWindowController.swift; sourceTree = "<group>"; };
		DDCA6B612DCA67C50025EF9E /* ExportAnalyticsView.swift */ = {isa = PBXFileReference; lastKnownFileType = sourcecode.swift; path = ExportAnalyticsView.swift; sourceTree = "<group>"; };
		DDCA6B632DCA684D0025EF9E /* CustomCollectionManager.swift */ = {isa = PBXFileReference; lastKnownFileType = sourcecode.swift; path = CustomCollectionManager.swift; sourceTree = "<group>"; };
		DDCA6B652DCA68F70025EF9E /* TagFormData.swift */ = {isa = PBXFileReference; lastKnownFileType = sourcecode.swift; path = TagFormData.swift; sourceTree = "<group>"; };
		DDCA6B672DCA69130025EF9E /* KeyCaptureView.swift */ = {isa = PBXFileReference; lastKnownFileType = sourcecode.swift; path = KeyCaptureView.swift; sourceTree = "<group>"; };
		DDCA6B692DCA69340025EF9E /* NSApplication + Convenience.swift */ = {isa = PBXFileReference; lastKnownFileType = sourcecode.swift; path = "NSApplication + Convenience.swift"; sourceTree = "<group>"; };
		DDCA6B6E2DCA69AE0025EF9E /* CompatibilityButtonStyle.swift */ = {isa = PBXFileReference; lastKnownFileType = sourcecode.swift; path = CompatibilityButtonStyle.swift; sourceTree = "<group>"; };
		DDCA6B702DCA69C30025EF9E /* ColorPickerView.swift */ = {isa = PBXFileReference; lastKnownFileType = sourcecode.swift; path = ColorPickerView.swift; sourceTree = "<group>"; };
		DDCA6B722DCA69E10025EF9E /* CreateCustomCollectionsView.swift */ = {isa = PBXFileReference; lastKnownFileType = sourcecode.swift; path = CreateCustomCollectionsView.swift; sourceTree = "<group>"; };
		DDCA6B742DCA6B900025EF9E /* VideoControlWindow.swift */ = {isa = PBXFileReference; lastKnownFileType = sourcecode.swift; path = VideoControlWindow.swift; sourceTree = "<group>"; };
		DDD52CB82DAEE7F50038158E /* WindowsManager.swift */ = {isa = PBXFileReference; lastKnownFileType = sourcecode.swift; path = WindowsManager.swift; sourceTree = "<group>"; };
		DDD60A952D7A5D7E0097600D /* AVKit.framework */ = {isa = PBXFileReference; lastKnownFileType = wrapper.framework; name = AVKit.framework; path = System/Library/Frameworks/AVKit.framework; sourceTree = SDKROOT; };
		DDDB36352D78E16100A1111C /* Color.swift */ = {isa = PBXFileReference; lastKnownFileType = sourcecode.swift; path = Color.swift; sourceTree = "<group>"; };
		DDE2F3272DB6CDB40040B011 /* timeEvents.json */ = {isa = PBXFileReference; lastKnownFileType = text.json; path = timeEvents.json; sourceTree = "<group>"; };
		DDFB1A3F2DE510E700175D97 /* EditorViewModel.swift */ = {isa = PBXFileReference; lastKnownFileType = sourcecode.swift; path = EditorViewModel.swift; sourceTree = "<group>"; };
		DDFB1A412DE510E700175D97 /* EditorState.swift */ = {isa = PBXFileReference; lastKnownFileType = sourcecode.swift; path = EditorState.swift; sourceTree = "<group>"; };
		DDFB1A422DE510E700175D97 /* EditorActions.swift */ = {isa = PBXFileReference; lastKnownFileType = sourcecode.swift; path = EditorActions.swift; sourceTree = "<group>"; };
		DDFB1A442DE510E700175D97 /* EditorWebView.swift */ = {isa = PBXFileReference; lastKnownFileType = sourcecode.swift; path = EditorWebView.swift; sourceTree = "<group>"; };
		DDFB1A452DE510E700175D97 /* EditorView.swift */ = {isa = PBXFileReference; lastKnownFileType = sourcecode.swift; path = EditorView.swift; sourceTree = "<group>"; };
		DDFB1A4F2DE512D800175D97 /* SharingPicker.swift */ = {isa = PBXFileReference; lastKnownFileType = sourcecode.swift; path = SharingPicker.swift; sourceTree = "<group>"; };
		DDFB1A512DE5130B00175D97 /* AppNavigationButtonsView.swift */ = {isa = PBXFileReference; lastKnownFileType = sourcecode.swift; path = AppNavigationButtonsView.swift; sourceTree = "<group>"; };
		DDFB1A532DE5131F00175D97 /* SheetToolbarView.swift */ = {isa = PBXFileReference; lastKnownFileType = sourcecode.swift; path = SheetToolbarView.swift; sourceTree = "<group>"; };
		DDFB1A552DE521D300175D97 /* ScreenshotsWindowController.swift */ = {isa = PBXFileReference; lastKnownFileType = sourcecode.swift; path = ScreenshotsWindowController.swift; sourceTree = "<group>"; };
/* End PBXFileReference section */

/* Begin PBXFileSystemSynchronizedRootGroup section */
		DDFB1A352DE510CF00175D97 /* dist */ = {
			isa = PBXFileSystemSynchronizedRootGroup;
			name = dist;
			path = web/dist;
			sourceTree = SOURCE_ROOT;
		};
/* End PBXFileSystemSynchronizedRootGroup section */

/* Begin PBXFrameworksBuildPhase section */
		DDB4018E2D749E0F004A12C2 /* Frameworks */ = {
			isa = PBXFrameworksBuildPhase;
			buildActionMask = 2147483647;
			files = (
				DD0567802DDE5C690037A79E /* Sparkle in Frameworks */,
				DDD60A962D7A5D7E0097600D /* AVKit.framework in Frameworks */,
				4AB1CFD7C1E27E3D0B523A6A /* Pods_Youchip_Stat.framework in Frameworks */,
			);
			runOnlyForDeploymentPostprocessing = 0;
		};
/* End PBXFrameworksBuildPhase section */

/* Begin PBXGroup section */
		12AB2F0D65F3DB2A6B5D40D5 /* Frameworks */ = {
			isa = PBXGroup;
			children = (
				DDD60A952D7A5D7E0097600D /* AVKit.framework */,
				D6BBA2F9F6901345D52F5F70 /* Pods_Youchip_Stat.framework */,
			);
			name = Frameworks;
			sourceTree = "<group>";
		};
		19D7382366CFC9B0A4001CE8 /* Pods */ = {
			isa = PBXGroup;
			children = (
				23DAB237503920889C6C4438 /* Pods-Youchip-Stat.debug.xcconfig */,
				2EA66B918FEF070C401BD61D /* Pods-Youchip-Stat.release.xcconfig */,
			);
			path = Pods;
			sourceTree = "<group>";
		};
		DD2A704C2D74C2CC00287BA8 /* Videos */ = {
			isa = PBXGroup;
			children = (
				DD2A704F2D74C2DA00287BA8 /* Models */,
				DD2A704E2D74C2D500287BA8 /* ViewModels */,
				DD2A704D2D74C2D100287BA8 /* Views */,
			);
			path = Videos;
			sourceTree = "<group>";
		};
		DD2A704D2D74C2D100287BA8 /* Views */ = {
			isa = PBXGroup;
			children = (
				DD2A70792D74E08300287BA8 /* VideoThumbnailView.swift */,
				DD2A706F2D74D5C300287BA8 /* VideosView.swift */,
			);
			path = Views;
			sourceTree = "<group>";
		};
		DD2A704E2D74C2D500287BA8 /* ViewModels */ = {
			isa = PBXGroup;
			children = (
				DD1BF67E2DBAFB8A00CB2AE0 /* VideosViewModel.swift */,
			);
			path = ViewModels;
			sourceTree = "<group>";
		};
		DD2A704F2D74C2DA00287BA8 /* Models */ = {
			isa = PBXGroup;
			children = (
				DD1BF67A2DBAF32700CB2AE0 /* VideoMetadataModel.swift */,
				DD2A705D2D74C65D00287BA8 /* VideosActions.swift */,
				DD2A70532D74C31600287BA8 /* VideosState.swift */,
			);
			path = Models;
			sourceTree = "<group>";
		};
		DD2A70652D74D2DB00287BA8 /* Files */ = {
			isa = PBXGroup;
			children = (
				DD2A70692D74D2F000287BA8 /* Models */,
				DD2A70682D74D2EA00287BA8 /* Helpers */,
			);
			path = Files;
			sourceTree = "<group>";
		};
		DD2A70682D74D2EA00287BA8 /* Helpers */ = {
			isa = PBXGroup;
			children = (
				DD2A70772D74D79B00287BA8 /* FileOpenHelper.swift */,
				DD2A706C2D74D32B00287BA8 /* VideoThumbnailManager.swift */,
				DD2A706A2D74D30B00287BA8 /* VideosPreviewManager.swift */,
				DD2A70612D74D27900287BA8 /* FilesDocumentPickerHelper.swift */,
				DD2A705B2D74C3A600287BA8 /* VideoFilesManager.swift */,
				DD2A70752D74D77C00287BA8 /* AppCloudFilesHelper.swift */,
			);
			path = Helpers;
			sourceTree = "<group>";
		};
		DD2A70692D74D2F000287BA8 /* Models */ = {
			isa = PBXGroup;
			children = (
				DD2A70592D74C37D00287BA8 /* FilesFileFormat.swift */,
				DD2A70552D74C33D00287BA8 /* FilesFile.swift */,
			);
			path = Models;
			sourceTree = "<group>";
		};
		DD2A707D2D74E41400287BA8 /* VideoPlayer */ = {
			isa = PBXGroup;
			children = (
				DDCA6B6D2DCA69A50025EF9E /* Helpers */,
				DDCA6B5E2DCA674E0025EF9E /* Controllers */,
				DDCA6B522DCA65750025EF9E /* Delegates */,
				DDCA6B4D2DCA64E00025EF9E /* Models */,
				DDCA6B4C2DCA64CE0025EF9E /* Windows */,
				DDD52CBC2DAEE7F50038158E /* Views */,
				DDD52CB92DAEE7F50038158E /* Managers */,
				DDCA6B742DCA6B900025EF9E /* VideoControlWindow.swift */,
			);
			path = VideoPlayer;
			sourceTree = "<group>";
		};
		DD32C25D2D74A00C0052B5C6 /* Preview Content */ = {
			isa = PBXGroup;
			children = (
				DD32C25C2D74A00C0052B5C6 /* Preview Assets.xcassets */,
			);
			path = "Preview Content";
			sourceTree = "<group>";
		};
		DD32C2622D74A00C0052B5C6 /* Youchip-Stat */ = {
			isa = PBXGroup;
			children = (
				DDFB1A352DE510CF00175D97 /* dist */,
				DD32C2612D74A00C0052B5C6 /* Youchip_StatApp.swift */,
				DD32C28A2D74A1180052B5C6 /* AppDelegate.swift */,
				DD32C2672D74A0110052B5C6 /* Common */,
				DD32C2682D74A0180052B5C6 /* Modules */,
				DD32C25D2D74A00C0052B5C6 /* Preview Content */,
				DD32C2692D74A0270052B5C6 /* Resourses */,
			);
			path = "Youchip-Stat";
			sourceTree = "<group>";
		};
		DD32C2672D74A0110052B5C6 /* Common */ = {
			isa = PBXGroup;
			children = (
				DD2A70652D74D2DB00287BA8 /* Files */,
				DD32C29F2D74A1C80052B5C6 /* Extensions */,
				DD32C28E2D74A1990052B5C6 /* AppSetupManager.swift */,
				DD2A70632D74D28E00287BA8 /* CustomTypes.swift */,
				DD2A70732D74D63200287BA8 /* ViewsFactory.swift */,
				DD2A705F2D74D26000287BA8 /* PreferenceManager.swift */,
				DDFB1A512DE5130B00175D97 /* AppNavigationButtonsView.swift */,
				DDFB1A532DE5131F00175D97 /* SheetToolbarView.swift */,
				DDFB1A4F2DE512D800175D97 /* SharingPicker.swift */,
			);
			path = Common;
			sourceTree = "<group>";
		};
		DD32C2682D74A0180052B5C6 /* Modules */ = {
			isa = PBXGroup;
			children = (
				DDFB1A472DE510E700175D97 /* ImagesEditor */,
				DDC938EA2DD2452000B7AB12 /* License */,
				DD2A707D2D74E41400287BA8 /* VideoPlayer */,
				DD2A704C2D74C2CC00287BA8 /* Videos */,
			);
			path = Modules;
			sourceTree = "<group>";
		};
		DD32C2692D74A0270052B5C6 /* Resourses */ = {
			isa = PBXGroup;
			children = (
				DD32C27A2D74A0480052B5C6 /* Fonts */,
				DD32C2602D74A00C0052B5C6 /* Youchip_Stat.entitlements */,
				DD32C2882D74A05C0052B5C6 /* Info.plist */,
				DDC938E62DD2338300B7AB12 /* GoogleService-Info.plist */,
				DD32C25E2D74A00C0052B5C6 /* Assets.xcassets */,
				DD32C26B2D74A0420052B5C6 /* Localizable.strings */,
				DD92333C2DB0476C008FFFF1 /* labels.json */,
				DDE2F3272DB6CDB40040B011 /* timeEvents.json */,
				DD92333D2DB0476C008FFFF1 /* labelsGroups.json */,
				DD92333E2DB0476C008FFFF1 /* tags.json */,
				DD92333F2DB0476C008FFFF1 /* tagsGroups.json */,
			);
			path = Resourses;
			sourceTree = "<group>";
		};
		DD32C27A2D74A0480052B5C6 /* Fonts */ = {
			isa = PBXGroup;
			children = (
				DD32C26D2D74A0480052B5C6 /* SFCompactText-Medium.ttf */,
				DD32C26E2D74A0480052B5C6 /* SFMono-Regular.otf */,
				DD32C26F2D74A0480052B5C6 /* SFProDisplay-Bold.ttf */,
				DD32C2702D74A0480052B5C6 /* SFProDisplay-Regular.ttf */,
				DD32C2712D74A0480052B5C6 /* SFProDisplay-Semibold.ttf */,
				DD32C2722D74A0480052B5C6 /* SFProRounded-Regular.otf */,
				DD32C2732D74A0480052B5C6 /* SFProRounded-Semibold.otf */,
				DD32C2742D74A0480052B5C6 /* SFProText-Bold.ttf */,
				DD32C2752D74A0480052B5C6 /* SFProText-Medium.ttf */,
				DD32C2762D74A0480052B5C6 /* SFProText-Regular.ttf */,
				DD32C2772D74A0480052B5C6 /* SFProText-Semibold.ttf */,
				DD32C2782D74A0480052B5C6 /* SFCompactText-Regular.ttf */,
				DD32C2792D74A0480052B5C6 /* SFCompactText-Semibold.ttf */,
			);
			path = Fonts;
			sourceTree = "<group>";
		};
		DD32C29F2D74A1C80052B5C6 /* Extensions */ = {
			isa = PBXGroup;
			children = (
				DDDB36352D78E16100A1111C /* Color.swift */,
				DD32C2902D74A1C80052B5C6 /* Colors.swift */,
				DD32C2912D74A1C80052B5C6 /* Date+Convenience.swift */,
				DD32C2922D74A1C80052B5C6 /* FileManager+Convenience.swift */,
				DD32C2932D74A1C80052B5C6 /* Fonts.swift */,
				DD32C2942D74A1C80052B5C6 /* Images.swift */,
				DD32C2952D74A1C80052B5C6 /* LocalizedStrings.swift */,
				DD32C2962D74A1C80052B5C6 /* NSError+Convenience.swift */,
				DD32C2972D74A1C80052B5C6 /* NSImage+Convenience.swift */,
				DD32C2992D74A1C80052B5C6 /* SKProduct+Convenience.swift */,
				DD32C29A2D74A1C80052B5C6 /* String+Convenience.swift */,
				DD32C29B2D74A1C80052B5C6 /* UInt64+Convenience.swift */,
				DD2A70572D74C35E00287BA8 /* URL+Convenience.swift */,
				DD32C29D2D74A1C80052B5C6 /* View+Alerts.swift */,
				DD32C29E2D74A1C80052B5C6 /* View+CloudFiles.swift */,
			);
			path = Extensions;
			sourceTree = "<group>";
		};
		DDB401882D749E0F004A12C2 = {
			isa = PBXGroup;
			children = (
				DD32C2622D74A00C0052B5C6 /* Youchip-Stat */,
				DDB401922D749E0F004A12C2 /* Products */,
				19D7382366CFC9B0A4001CE8 /* Pods */,
				12AB2F0D65F3DB2A6B5D40D5 /* Frameworks */,
			);
			sourceTree = "<group>";
		};
		DDB401922D749E0F004A12C2 /* Products */ = {
			isa = PBXGroup;
			children = (
				DDB401912D749E0F004A12C2 /* SportCut.app */,
			);
			name = Products;
			sourceTree = "<group>";
		};
		DDC938EA2DD2452000B7AB12 /* License */ = {
			isa = PBXGroup;
			children = (
				DDC938EB2DD2452800B7AB12 /* AuthKeyView.swift */,
				DDC938E82DD2447900B7AB12 /* AuthManager.swift */,
			);
			path = License;
			sourceTree = "<group>";
		};
		DDCA6B4C2DCA64CE0025EF9E /* Windows */ = {
			isa = PBXGroup;
			children = (
				DDFB1A552DE521D300175D97 /* ScreenshotsWindowController.swift */,
			);
			path = Windows;
			sourceTree = "<group>";
		};
		DDCA6B4D2DCA64E00025EF9E /* Models */ = {
			isa = PBXGroup;
			children = (
				DDCA6B652DCA68F70025EF9E /* TagFormData.swift */,
				DDCA6B562DCA65C20025EF9E /* AnalyticsModels.swift */,
				DDCA6B502DCA65210025EF9E /* MarkupMode.swift */,
				DDCA6B4E2DCA64E70025EF9E /* NSNotification + Convenience.swift */,
				DDCA6B692DCA69340025EF9E /* NSApplication + Convenience.swift */,
				DD494BEF2DC0145F003F8BE6 /* VideoPlayerModels.swift */,
			);
			path = Models;
			sourceTree = "<group>";
		};
		DDCA6B522DCA65750025EF9E /* Delegates */ = {
			isa = PBXGroup;
			children = (
				DDCA6B532DCA657A0025EF9E /* CollectionWindowDelegate.swift */,
			);
			path = Delegates;
			sourceTree = "<group>";
		};
		DDCA6B5E2DCA674E0025EF9E /* Controllers */ = {
			isa = PBXGroup;
			children = (
				DDCA6B5F2DCA67560025EF9E /* AnalyticsWindowController.swift */,
			);
			path = Controllers;
			sourceTree = "<group>";
		};
		DDCA6B6D2DCA69A50025EF9E /* Helpers */ = {
			isa = PBXGroup;
			children = (
				DDCA6B6E2DCA69AE0025EF9E /* CompatibilityButtonStyle.swift */,
			);
			path = Helpers;
			sourceTree = "<group>";
		};
		DDD52CB92DAEE7F50038158E /* Managers */ = {
			isa = PBXGroup;
			children = (
				DDCA6B632DCA684D0025EF9E /* CustomCollectionManager.swift */,
				DDD52CB82DAEE7F50038158E /* WindowsManager.swift */,
			);
			path = Managers;
			sourceTree = "<group>";
		};
		DDD52CBC2DAEE7F50038158E /* Views */ = {
			isa = PBXGroup;
			children = (
				DDCA6B722DCA69E10025EF9E /* CreateCustomCollectionsView.swift */,
				DDCA6B702DCA69C30025EF9E /* ColorPickerView.swift */,
				DDCA6B672DCA69130025EF9E /* KeyCaptureView.swift */,
				DDCA6B612DCA67C50025EF9E /* ExportAnalyticsView.swift */,
				DDCA6B5C2DCA66420025EF9E /* AnalyticsView.swift */,
				DDCA6B5A2DCA66330025EF9E /* TagStatisticsLegend.swift */,
				DDCA6B582DCA66210025EF9E /* PieChartView.swift */,
			);
			path = Views;
			sourceTree = "<group>";
		};
		DDFB1A402DE510E700175D97 /* ViewModels */ = {
			isa = PBXGroup;
			children = (
				DDFB1A3F2DE510E700175D97 /* EditorViewModel.swift */,
			);
			path = ViewModels;
			sourceTree = "<group>";
		};
		DDFB1A432DE510E700175D97 /* Models */ = {
			isa = PBXGroup;
			children = (
				DDFB1A412DE510E700175D97 /* EditorState.swift */,
				DDFB1A422DE510E700175D97 /* EditorActions.swift */,
			);
			path = Models;
			sourceTree = "<group>";
		};
		DDFB1A462DE510E700175D97 /* Views */ = {
			isa = PBXGroup;
			children = (
				DDFB1A442DE510E700175D97 /* EditorWebView.swift */,
				DDFB1A452DE510E700175D97 /* EditorView.swift */,
			);
			path = Views;
			sourceTree = "<group>";
		};
		DDFB1A472DE510E700175D97 /* ImagesEditor */ = {
			isa = PBXGroup;
			children = (
				DDFB1A402DE510E700175D97 /* ViewModels */,
				DDFB1A432DE510E700175D97 /* Models */,
				DDFB1A462DE510E700175D97 /* Views */,
			);
			path = ImagesEditor;
			sourceTree = "<group>";
		};
/* End PBXGroup section */

/* Begin PBXNativeTarget section */
		DDB401902D749E0F004A12C2 /* Youchip-Stat */ = {
			isa = PBXNativeTarget;
			buildConfigurationList = DDB401A02D749E11004A12C2 /* Build configuration list for PBXNativeTarget "Youchip-Stat" */;
			buildPhases = (
				27A1F35877FBEFE8D2BFD756 /* [CP] Check Pods Manifest.lock */,
				DDB4018D2D749E0F004A12C2 /* Sources */,
				DDB4018E2D749E0F004A12C2 /* Frameworks */,
				DDB4018F2D749E0F004A12C2 /* Resources */,
				DD8CD1B12DC28FA00087A7E3 /* Firebase Crashlytics */,
				58EF2125F838AA35E7959A89 /* [CP] Embed Pods Frameworks */,
			);
			buildRules = (
			);
			dependencies = (
			);
			fileSystemSynchronizedGroups = (
				DDFB1A352DE510CF00175D97 /* dist */,
			);
			name = "Youchip-Stat";
			productName = "Youchip-Stat";
			productReference = DDB401912D749E0F004A12C2 /* SportCut.app */;
			productType = "com.apple.product-type.application";
		};
/* End PBXNativeTarget section */

/* Begin PBXProject section */
		DDB401892D749E0F004A12C2 /* Project object */ = {
			isa = PBXProject;
			attributes = {
				BuildIndependentTargetsInParallel = 1;
				LastSwiftUpdateCheck = 1610;
				LastUpgradeCheck = 1610;
				TargetAttributes = {
					DDB401902D749E0F004A12C2 = {
						CreatedOnToolsVersion = 16.1;
					};
				};
			};
			buildConfigurationList = DDB4018C2D749E0F004A12C2 /* Build configuration list for PBXProject "Youchip-Stat" */;
			developmentRegion = en;
			hasScannedForEncodings = 0;
			knownRegions = (
				en,
				Base,
			);
			mainGroup = DDB401882D749E0F004A12C2;
			minimizedProjectReferenceProxies = 1;
			packageReferences = (
				DD05677E2DDE5C690037A79E /* XCRemoteSwiftPackageReference "Sparkle" */,
			);
			preferredProjectObjectVersion = 77;
			productRefGroup = DDB401922D749E0F004A12C2 /* Products */;
			projectDirPath = "";
			projectRoot = "";
			targets = (
				DDB401902D749E0F004A12C2 /* Youchip-Stat */,
			);
		};
/* End PBXProject section */

/* Begin PBXResourcesBuildPhase section */
		DDB4018F2D749E0F004A12C2 /* Resources */ = {
			isa = PBXResourcesBuildPhase;
			buildActionMask = 2147483647;
			files = (
				DD32C27B2D74A0480052B5C6 /* SFProRounded-Regular.otf in Resources */,
				DD32C27C2D74A0480052B5C6 /* SFCompactText-Medium.ttf in Resources */,
				DD32C27D2D74A0480052B5C6 /* SFProDisplay-Bold.ttf in Resources */,
				DD32C27E2D74A0480052B5C6 /* SFProRounded-Semibold.otf in Resources */,
				DDE2F3282DB6CDB40040B011 /* timeEvents.json in Resources */,
				DD32C27F2D74A0480052B5C6 /* SFMono-Regular.otf in Resources */,
				DD32C2802D74A0480052B5C6 /* SFCompactText-Semibold.ttf in Resources */,
				DD32C2812D74A0480052B5C6 /* SFProDisplay-Semibold.ttf in Resources */,
				DD32C2822D74A0480052B5C6 /* SFProText-Bold.ttf in Resources */,
				DD32C2832D74A0480052B5C6 /* SFProText-Medium.ttf in Resources */,
				DD32C2842D74A0480052B5C6 /* SFProText-Semibold.ttf in Resources */,
				DD32C2852D74A0480052B5C6 /* SFCompactText-Regular.ttf in Resources */,
				DD32C2862D74A0480052B5C6 /* SFProDisplay-Regular.ttf in Resources */,
				DD32C2872D74A0480052B5C6 /* SFProText-Regular.ttf in Resources */,
				DD9233412DB0476C008FFFF1 /* labels.json in Resources */,
				DD9233422DB0476C008FFFF1 /* labelsGroups.json in Resources */,
				DD9233432DB0476C008FFFF1 /* tags.json in Resources */,
				DD9233442DB0476C008FFFF1 /* tagsGroups.json in Resources */,
				DD32C2632D74A00C0052B5C6 /* Preview Assets.xcassets in Resources */,
				DD32C26C2D74A0420052B5C6 /* Localizable.strings in Resources */,
				DD32C2642D74A00C0052B5C6 /* Assets.xcassets in Resources */,
				DDC938E72DD2338300B7AB12 /* GoogleService-Info.plist in Resources */,
			);
			runOnlyForDeploymentPostprocessing = 0;
		};
/* End PBXResourcesBuildPhase section */

/* Begin PBXShellScriptBuildPhase section */
		27A1F35877FBEFE8D2BFD756 /* [CP] Check Pods Manifest.lock */ = {
			isa = PBXShellScriptBuildPhase;
			buildActionMask = 2147483647;
			files = (
			);
			inputFileListPaths = (
			);
			inputPaths = (
				"${PODS_PODFILE_DIR_PATH}/Podfile.lock",
				"${PODS_ROOT}/Manifest.lock",
			);
			name = "[CP] Check Pods Manifest.lock";
			outputFileListPaths = (
			);
			outputPaths = (
				"$(DERIVED_FILE_DIR)/Pods-Youchip-Stat-checkManifestLockResult.txt",
			);
			runOnlyForDeploymentPostprocessing = 0;
			shellPath = /bin/sh;
			shellScript = "diff \"${PODS_PODFILE_DIR_PATH}/Podfile.lock\" \"${PODS_ROOT}/Manifest.lock\" > /dev/null\nif [ $? != 0 ] ; then\n    # print error to STDERR\n    echo \"error: The sandbox is not in sync with the Podfile.lock. Run 'pod install' or update your CocoaPods installation.\" >&2\n    exit 1\nfi\n# This output is used by Xcode 'outputs' to avoid re-running this script phase.\necho \"SUCCESS\" > \"${SCRIPT_OUTPUT_FILE_0}\"\n";
			showEnvVarsInLog = 0;
		};
		58EF2125F838AA35E7959A89 /* [CP] Embed Pods Frameworks */ = {
			isa = PBXShellScriptBuildPhase;
			buildActionMask = 2147483647;
			files = (
			);
			inputFileListPaths = (
				"${PODS_ROOT}/Target Support Files/Pods-Youchip-Stat/Pods-Youchip-Stat-frameworks-${CONFIGURATION}-input-files.xcfilelist",
			);
			name = "[CP] Embed Pods Frameworks";
			outputFileListPaths = (
				"${PODS_ROOT}/Target Support Files/Pods-Youchip-Stat/Pods-Youchip-Stat-frameworks-${CONFIGURATION}-output-files.xcfilelist",
			);
			runOnlyForDeploymentPostprocessing = 0;
			shellPath = /bin/sh;
			shellScript = "\"${PODS_ROOT}/Target Support Files/Pods-Youchip-Stat/Pods-Youchip-Stat-frameworks.sh\"\n";
			showEnvVarsInLog = 0;
		};
		DD8CD1B12DC28FA00087A7E3 /* Firebase Crashlytics */ = {
			isa = PBXShellScriptBuildPhase;
			buildActionMask = 2147483647;
			files = (
			);
			inputFileListPaths = (
			);
			inputPaths = (
			);
			name = "Firebase Crashlytics";
			outputFileListPaths = (
			);
			outputPaths = (
			);
			runOnlyForDeploymentPostprocessing = 0;
			shellPath = /bin/sh;
			shellScript = "\"${PODS_ROOT}/FirebaseCrashlytics/run\"\n";
		};
/* End PBXShellScriptBuildPhase section */

/* Begin PBXSourcesBuildPhase section */
		DDB4018D2D749E0F004A12C2 /* Sources */ = {
			isa = PBXSourcesBuildPhase;
			buildActionMask = 2147483647;
			files = (
				DD2A70602D74D26000287BA8 /* PreferenceManager.swift in Sources */,
				DD2A706D2D74D32C00287BA8 /* VideoThumbnailManager.swift in Sources */,
				DD32C28B2D74A1190052B5C6 /* AppDelegate.swift in Sources */,
				DDCA6B512DCA65220025EF9E /* MarkupMode.swift in Sources */,
				DD2A707A2D74E0AF00287BA8 /* VideoThumbnailView.swift in Sources */,
				DD2A70782D74D79B00287BA8 /* FileOpenHelper.swift in Sources */,
				DDFB1A482DE510E700175D97 /* EditorState.swift in Sources */,
				DDFB1A492DE510E700175D97 /* EditorView.swift in Sources */,
				DDFB1A4A2DE510E700175D97 /* EditorViewModel.swift in Sources */,
				DDFB1A4B2DE510E700175D97 /* EditorWebView.swift in Sources */,
				DDFB1A4C2DE510E700175D97 /* EditorActions.swift in Sources */,
				DD32C28F2D74A19A0052B5C6 /* AppSetupManager.swift in Sources */,
				DD32C2A02D74A1C80052B5C6 /* Colors.swift in Sources */,
				DD32C2A12D74A1C80052B5C6 /* NSError+Convenience.swift in Sources */,
				DDCA6B5B2DCA66330025EF9E /* TagStatisticsLegend.swift in Sources */,
				DD32C2A32D74A1C80052B5C6 /* Date+Convenience.swift in Sources */,
				DDCA6B572DCA65C20025EF9E /* AnalyticsModels.swift in Sources */,
				DDCA6B5D2DCA66420025EF9E /* AnalyticsView.swift in Sources */,
				DDCA6B712DCA69C30025EF9E /* ColorPickerView.swift in Sources */,
				DD32C2A42D74A1C80052B5C6 /* UInt64+Convenience.swift in Sources */,
				DD2A70642D74D28E00287BA8 /* CustomTypes.swift in Sources */,
				DD2A705A2D74C37D00287BA8 /* FilesFileFormat.swift in Sources */,
				DD1BF67F2DBAFB8A00CB2AE0 /* VideosViewModel.swift in Sources */,
				DDCA6B542DCA657B0025EF9E /* CollectionWindowDelegate.swift in Sources */,
				DDFB1A542DE5131F00175D97 /* SheetToolbarView.swift in Sources */,
				DD2A705E2D74C66700287BA8 /* VideosActions.swift in Sources */,
				DD2A706B2D74D31600287BA8 /* VideosPreviewManager.swift in Sources */,
				DDFB1A502DE512D900175D97 /* SharingPicker.swift in Sources */,
				DD2A70582D74C35F00287BA8 /* URL+Convenience.swift in Sources */,
				DDCA6B4F2DCA64EE0025EF9E /* NSNotification + Convenience.swift in Sources */,
				DDCA6B622DCA67C60025EF9E /* ExportAnalyticsView.swift in Sources */,
				DDDB36362D78E16500A1111C /* Color.swift in Sources */,
				DD32C2A62D74A1C80052B5C6 /* Fonts.swift in Sources */,
				DD32C2A72D74A1C80052B5C6 /* SKProduct+Convenience.swift in Sources */,
				DDFB1A562DE521D300175D97 /* ScreenshotsWindowController.swift in Sources */,
				DDCA6B662DCA68F80025EF9E /* TagFormData.swift in Sources */,
				DD2A70622D74D27900287BA8 /* FilesDocumentPickerHelper.swift in Sources */,
				DD1BF67B2DBAF32700CB2AE0 /* VideoMetadataModel.swift in Sources */,
				DDC938EC2DD2452900B7AB12 /* AuthKeyView.swift in Sources */,
				DDCA6B602DCA67560025EF9E /* AnalyticsWindowController.swift in Sources */,
				DDCA6B682DCA69140025EF9E /* KeyCaptureView.swift in Sources */,
				DD2A70742D74D63300287BA8 /* ViewsFactory.swift in Sources */,
				DD32C2A82D74A1C80052B5C6 /* FileManager+Convenience.swift in Sources */,
				DDFB1A522DE5130C00175D97 /* AppNavigationButtonsView.swift in Sources */,
				DD494BF02DC0146B003F8BE6 /* VideoPlayerModels.swift in Sources */,
				DD2A70762D74D77C00287BA8 /* AppCloudFilesHelper.swift in Sources */,
				DDCA6B6A2DCA69340025EF9E /* NSApplication + Convenience.swift in Sources */,
				DD32C2A92D74A1C80052B5C6 /* View+Alerts.swift in Sources */,
				DDCA6B732DCA69E10025EF9E /* CreateCustomCollectionsView.swift in Sources */,
				DD32C2AA2D74A1C80052B5C6 /* Images.swift in Sources */,
				DD2A705C2D74C3B100287BA8 /* VideoFilesManager.swift in Sources */,
				DD32C2AB2D74A1C80052B5C6 /* String+Convenience.swift in Sources */,
				DDCA6B592DCA66220025EF9E /* PieChartView.swift in Sources */,
				DD2A70542D74C31B00287BA8 /* VideosState.swift in Sources */,
				DDCA6B642DCA68C10025EF9E /* CustomCollectionManager.swift in Sources */,
				DDCA6B6F2DCA69AE0025EF9E /* CompatibilityButtonStyle.swift in Sources */,
				DD32C2AC2D74A1C80052B5C6 /* View+CloudFiles.swift in Sources */,
				DD32C2AD2D74A1C80052B5C6 /* NSImage+Convenience.swift in Sources */,
				DDC938E92DD2447A00B7AB12 /* AuthManager.swift in Sources */,
				DD2A70702D74D5CD00287BA8 /* VideosView.swift in Sources */,
				DD2A70562D74C33E00287BA8 /* FilesFile.swift in Sources */,
				DD32C2AE2D74A1C80052B5C6 /* LocalizedStrings.swift in Sources */,
				DD32C2662D74A00C0052B5C6 /* Youchip_StatApp.swift in Sources */,
				DDD52CBA2DAEE7F50038158E /* WindowsManager.swift in Sources */,
				DDCA6B752DCA6B900025EF9E /* VideoControlWindow.swift in Sources */,
			);
			runOnlyForDeploymentPostprocessing = 0;
		};
/* End PBXSourcesBuildPhase section */

/* Begin PBXVariantGroup section */
		DD32C26B2D74A0420052B5C6 /* Localizable.strings */ = {
			isa = PBXVariantGroup;
			children = (
				DD32C26A2D74A0420052B5C6 /* Localizable.strings */,
			);
			name = Localizable.strings;
			sourceTree = "<group>";
		};
/* End PBXVariantGroup section */

/* Begin XCBuildConfiguration section */
		DDB4019E2D749E11004A12C2 /* Debug */ = {
			isa = XCBuildConfiguration;
			buildSettings = {
				ALWAYS_SEARCH_USER_PATHS = NO;
				ASSETCATALOG_COMPILER_GENERATE_SWIFT_ASSET_SYMBOL_EXTENSIONS = YES;
				CLANG_ANALYZER_NONNULL = YES;
				CLANG_ANALYZER_NUMBER_OBJECT_CONVERSION = YES_AGGRESSIVE;
				CLANG_CXX_LANGUAGE_STANDARD = "gnu++20";
				CLANG_ENABLE_MODULES = YES;
				CLANG_ENABLE_OBJC_ARC = YES;
				CLANG_ENABLE_OBJC_WEAK = YES;
				CLANG_WARN_BLOCK_CAPTURE_AUTORELEASING = YES;
				CLANG_WARN_BOOL_CONVERSION = YES;
				CLANG_WARN_COMMA = YES;
				CLANG_WARN_CONSTANT_CONVERSION = YES;
				CLANG_WARN_DEPRECATED_OBJC_IMPLEMENTATIONS = YES;
				CLANG_WARN_DIRECT_OBJC_ISA_USAGE = YES_ERROR;
				CLANG_WARN_DOCUMENTATION_COMMENTS = YES;
				CLANG_WARN_EMPTY_BODY = YES;
				CLANG_WARN_ENUM_CONVERSION = YES;
				CLANG_WARN_INFINITE_RECURSION = YES;
				CLANG_WARN_INT_CONVERSION = YES;
				CLANG_WARN_NON_LITERAL_NULL_CONVERSION = YES;
				CLANG_WARN_OBJC_IMPLICIT_RETAIN_SELF = YES;
				CLANG_WARN_OBJC_LITERAL_CONVERSION = YES;
				CLANG_WARN_OBJC_ROOT_CLASS = YES_ERROR;
				CLANG_WARN_QUOTED_INCLUDE_IN_FRAMEWORK_HEADER = YES;
				CLANG_WARN_RANGE_LOOP_ANALYSIS = YES;
				CLANG_WARN_STRICT_PROTOTYPES = YES;
				CLANG_WARN_SUSPICIOUS_MOVE = YES;
				CLANG_WARN_UNGUARDED_AVAILABILITY = YES_AGGRESSIVE;
				CLANG_WARN_UNREACHABLE_CODE = YES;
				CLANG_WARN__DUPLICATE_METHOD_MATCH = YES;
				COPY_PHASE_STRIP = NO;
				DEBUG_INFORMATION_FORMAT = dwarf;
				ENABLE_STRICT_OBJC_MSGSEND = YES;
				ENABLE_TESTABILITY = YES;
				ENABLE_USER_SCRIPT_SANDBOXING = YES;
				GCC_C_LANGUAGE_STANDARD = gnu17;
				GCC_DYNAMIC_NO_PIC = NO;
				GCC_NO_COMMON_BLOCKS = YES;
				GCC_OPTIMIZATION_LEVEL = 0;
				GCC_PREPROCESSOR_DEFINITIONS = (
					"DEBUG=1",
					"$(inherited)",
				);
				GCC_WARN_64_TO_32_BIT_CONVERSION = YES;
				GCC_WARN_ABOUT_RETURN_TYPE = YES_ERROR;
				GCC_WARN_UNDECLARED_SELECTOR = YES;
				GCC_WARN_UNINITIALIZED_AUTOS = YES_AGGRESSIVE;
				GCC_WARN_UNUSED_FUNCTION = YES;
				GCC_WARN_UNUSED_VARIABLE = YES;
				LOCALIZATION_PREFERS_STRING_CATALOGS = YES;
				MACOSX_DEPLOYMENT_TARGET = 11.5;
				MTL_ENABLE_DEBUG_INFO = INCLUDE_SOURCE;
				MTL_FAST_MATH = YES;
				ONLY_ACTIVE_ARCH = YES;
				SDKROOT = macosx;
				SWIFT_ACTIVE_COMPILATION_CONDITIONS = "DEBUG $(inherited)";
				SWIFT_OPTIMIZATION_LEVEL = "-Onone";
			};
			name = Debug;
		};
		DDB4019F2D749E11004A12C2 /* Release */ = {
			isa = XCBuildConfiguration;
			buildSettings = {
				ALWAYS_SEARCH_USER_PATHS = NO;
				ASSETCATALOG_COMPILER_GENERATE_SWIFT_ASSET_SYMBOL_EXTENSIONS = YES;
				CLANG_ANALYZER_NONNULL = YES;
				CLANG_ANALYZER_NUMBER_OBJECT_CONVERSION = YES_AGGRESSIVE;
				CLANG_CXX_LANGUAGE_STANDARD = "gnu++20";
				CLANG_ENABLE_MODULES = YES;
				CLANG_ENABLE_OBJC_ARC = YES;
				CLANG_ENABLE_OBJC_WEAK = YES;
				CLANG_WARN_BLOCK_CAPTURE_AUTORELEASING = YES;
				CLANG_WARN_BOOL_CONVERSION = YES;
				CLANG_WARN_COMMA = YES;
				CLANG_WARN_CONSTANT_CONVERSION = YES;
				CLANG_WARN_DEPRECATED_OBJC_IMPLEMENTATIONS = YES;
				CLANG_WARN_DIRECT_OBJC_ISA_USAGE = YES_ERROR;
				CLANG_WARN_DOCUMENTATION_COMMENTS = YES;
				CLANG_WARN_EMPTY_BODY = YES;
				CLANG_WARN_ENUM_CONVERSION = YES;
				CLANG_WARN_INFINITE_RECURSION = YES;
				CLANG_WARN_INT_CONVERSION = YES;
				CLANG_WARN_NON_LITERAL_NULL_CONVERSION = YES;
				CLANG_WARN_OBJC_IMPLICIT_RETAIN_SELF = YES;
				CLANG_WARN_OBJC_LITERAL_CONVERSION = YES;
				CLANG_WARN_OBJC_ROOT_CLASS = YES_ERROR;
				CLANG_WARN_QUOTED_INCLUDE_IN_FRAMEWORK_HEADER = YES;
				CLANG_WARN_RANGE_LOOP_ANALYSIS = YES;
				CLANG_WARN_STRICT_PROTOTYPES = YES;
				CLANG_WARN_SUSPICIOUS_MOVE = YES;
				CLANG_WARN_UNGUARDED_AVAILABILITY = YES_AGGRESSIVE;
				CLANG_WARN_UNREACHABLE_CODE = YES;
				CLANG_WARN__DUPLICATE_METHOD_MATCH = YES;
				COPY_PHASE_STRIP = NO;
				DEBUG_INFORMATION_FORMAT = "dwarf-with-dsym";
				ENABLE_NS_ASSERTIONS = NO;
				ENABLE_STRICT_OBJC_MSGSEND = YES;
				ENABLE_USER_SCRIPT_SANDBOXING = YES;
				GCC_C_LANGUAGE_STANDARD = gnu17;
				GCC_NO_COMMON_BLOCKS = YES;
				GCC_WARN_64_TO_32_BIT_CONVERSION = YES;
				GCC_WARN_ABOUT_RETURN_TYPE = YES_ERROR;
				GCC_WARN_UNDECLARED_SELECTOR = YES;
				GCC_WARN_UNINITIALIZED_AUTOS = YES_AGGRESSIVE;
				GCC_WARN_UNUSED_FUNCTION = YES;
				GCC_WARN_UNUSED_VARIABLE = YES;
				LOCALIZATION_PREFERS_STRING_CATALOGS = YES;
				MACOSX_DEPLOYMENT_TARGET = 11.5;
				MTL_ENABLE_DEBUG_INFO = NO;
				MTL_FAST_MATH = YES;
				SDKROOT = macosx;
				SWIFT_COMPILATION_MODE = wholemodule;
			};
			name = Release;
		};
		DDB401A12D749E11004A12C2 /* Debug */ = {
			isa = XCBuildConfiguration;
			baseConfigurationReference = 23DAB237503920889C6C4438 /* Pods-Youchip-Stat.debug.xcconfig */;
			buildSettings = {
				ASSETCATALOG_COMPILER_APPICON_NAME = AppIcon;
				ASSETCATALOG_COMPILER_GLOBAL_ACCENT_COLOR_NAME = AccentColor;
				CODE_SIGN_ENTITLEMENTS = "Youchip-Stat/Resourses/Youchip_Stat.entitlements";
				CODE_SIGN_IDENTITY = "Apple Development";
				"CODE_SIGN_IDENTITY[sdk=macosx*]" = "Apple Development";
				CODE_SIGN_STYLE = Automatic;
				COMBINE_HIDPI_IMAGES = YES;
				CURRENT_PROJECT_VERSION = 1;
				DEVELOPMENT_ASSET_PATHS = "\"Youchip-Stat/Preview Content\"";
				DEVELOPMENT_TEAM = BPGFW7N6KZ;
				ENABLE_HARDENED_RUNTIME = YES;
				ENABLE_PREVIEWS = YES;
				ENABLE_USER_SCRIPT_SANDBOXING = NO;
				GENERATE_INFOPLIST_FILE = NO;
				INFOPLIST_FILE = "Youchip-Stat/Resourses/Info.plist";
				INFOPLIST_KEY_NSHumanReadableCopyright = "";
				LD_RUNPATH_SEARCH_PATHS = (
					"$(inherited)",
					"@executable_path/../Frameworks",
				);
				MACOSX_DEPLOYMENT_TARGET = 12.0;
				MARKETING_VERSION = 1.0;
				PRODUCT_BUNDLE_IDENTIFIER = com.YouChip.YouChipSportCut;
				PRODUCT_NAME = SportCut;
				PROVISIONING_PROFILE_SPECIFIER = "";
				SWIFT_EMIT_LOC_STRINGS = YES;
				SWIFT_VERSION = 5.0;
			};
			name = Debug;
		};
		DDB401A22D749E11004A12C2 /* Release */ = {
			isa = XCBuildConfiguration;
			baseConfigurationReference = 2EA66B918FEF070C401BD61D /* Pods-Youchip-Stat.release.xcconfig */;
			buildSettings = {
				ASSETCATALOG_COMPILER_APPICON_NAME = AppIcon;
				ASSETCATALOG_COMPILER_GLOBAL_ACCENT_COLOR_NAME = AccentColor;
				CODE_SIGN_ENTITLEMENTS = "Youchip-Stat/Resourses/Youchip_Stat.entitlements";
				CODE_SIGN_IDENTITY = "Apple Development";
				"CODE_SIGN_IDENTITY[sdk=macosx*]" = "Apple Development";
				CODE_SIGN_STYLE = Automatic;
				COMBINE_HIDPI_IMAGES = YES;
				CURRENT_PROJECT_VERSION = 1;
				DEVELOPMENT_ASSET_PATHS = "\"Youchip-Stat/Preview Content\"";
				DEVELOPMENT_TEAM = BPGFW7N6KZ;
				ENABLE_HARDENED_RUNTIME = YES;
				ENABLE_PREVIEWS = YES;
				ENABLE_USER_SCRIPT_SANDBOXING = NO;
				GENERATE_INFOPLIST_FILE = NO;
				INFOPLIST_FILE = "Youchip-Stat/Resourses/Info.plist";
				INFOPLIST_KEY_NSHumanReadableCopyright = "";
				LD_RUNPATH_SEARCH_PATHS = (
					"$(inherited)",
					"@executable_path/../Frameworks",
				);
				MACOSX_DEPLOYMENT_TARGET = 12.0;
				MARKETING_VERSION = 1.0;
				PRODUCT_BUNDLE_IDENTIFIER = com.YouChip.YouChipSportCut;
				PRODUCT_NAME = SportCut;
				PROVISIONING_PROFILE_SPECIFIER = "";
				SWIFT_EMIT_LOC_STRINGS = YES;
				SWIFT_VERSION = 5.0;
			};
			name = Release;
		};
/* End XCBuildConfiguration section */

/* Begin XCConfigurationList section */
		DDB4018C2D749E0F004A12C2 /* Build configuration list for PBXProject "Youchip-Stat" */ = {
			isa = XCConfigurationList;
			buildConfigurations = (
				DDB4019E2D749E11004A12C2 /* Debug */,
				DDB4019F2D749E11004A12C2 /* Release */,
			);
			defaultConfigurationIsVisible = 0;
			defaultConfigurationName = Release;
		};
		DDB401A02D749E11004A12C2 /* Build configuration list for PBXNativeTarget "Youchip-Stat" */ = {
			isa = XCConfigurationList;
			buildConfigurations = (
				DDB401A12D749E11004A12C2 /* Debug */,
				DDB401A22D749E11004A12C2 /* Release */,
			);
			defaultConfigurationIsVisible = 0;
			defaultConfigurationName = Release;
		};
/* End XCConfigurationList section */

/* Begin XCRemoteSwiftPackageReference section */
		DD05677E2DDE5C690037A79E /* XCRemoteSwiftPackageReference "Sparkle" */ = {
			isa = XCRemoteSwiftPackageReference;
			repositoryURL = "https://github.com/sparkle-project/Sparkle";
			requirement = {
				kind = upToNextMajorVersion;
				minimumVersion = 2.7.0;
			};
		};
/* End XCRemoteSwiftPackageReference section */

/* Begin XCSwiftPackageProductDependency section */
		DD05677F2DDE5C690037A79E /* Sparkle */ = {
			isa = XCSwiftPackageProductDependency;
			package = DD05677E2DDE5C690037A79E /* XCRemoteSwiftPackageReference "Sparkle" */;
			productName = Sparkle;
		};
/* End XCSwiftPackageProductDependency section */
	};
	rootObject = DDB401892D749E0F004A12C2 /* Project object */;
}
